
Microsoft Visual Studio Solution File, Format Version 12.00
# Visual Studio Version 17
VisualStudioVersion = 17.5.33530.505
MinimumVisualStudioVersion = 10.0.40219.1
Project("{FAE04EC0-301F-11D3-BF4B-00C04F79EFBC}") = "EasyTimeV2", "EasyTimeV2.csproj", "{E3249713-FDD3-4DEE-AF12-D3ECF8DD6D4D}"
EndProject
Global
	GlobalSection(SolutionConfigurationPlatforms) = preSolution
		Debug|Any CPU = Debug|Any CPU
		Release|Any CPU = Release|Any CPU
	EndGlobalSection
	GlobalSection(ProjectConfigurationPlatforms) = postSolution
		{E3249713-FDD3-4DEE-AF12-D3ECF8DD6D4D}.Debug|Any CPU.ActiveCfg = Debug|Any CPU
		{E3249713-FDD3-4DEE-AF12-D3ECF8DD6D4D}.Debug|Any CPU.Build.0 = Debug|Any CPU
		{E3249713-FDD3-4DEE-AF12-D3ECF8DD6D4D}.Release|Any CPU.ActiveCfg = Release|Any CPU
		{E3249713-FDD3-4DEE-AF12-D3ECF8DD6D4D}.Release|Any CPU.Build.0 = Release|Any CPU
	EndGlobalSection
	GlobalSection(SolutionProperties) = preSolution
		HideSolutionNode = FALSE
	EndGlobalSection
	GlobalSection(ExtensibilityGlobals) = postSolution
		SolutionGuid = {20D6CB6A-E055-4E48-A562-2944BDAD12C2}
	EndGlobalSection
EndGlobal
